{
	"name": "frontend",
	"version": "0.0.1",
	"lockfileVersion": 1,
	"requires": true,
	"dependencies": {
		"@sveltejs/adapter-auto": {
			"version": "2.1.1",
			"resolved": "https://registry.npmjs.org/@sveltejs/adapter-auto/-/adapter-auto-2.1.1.tgz",
			"integrity": "sha512-nzi6x/7/3Axh5VKQ8Eed3pYxastxoa06Y/bFhWb7h3Nu+nGRVxKAy3+hBJgmPCwWScy8n0TsstZjSVKfyrIHkg==",
			"dev": true,
			"requires": {
				"import-meta-resolve": "^4.0.0"
			}
		},
		"import-meta-resolve": {
			"version": "4.0.0",
			"resolved": "https://registry.npmjs.org/import-meta-resolve/-/import-meta-resolve-4.0.0.tgz",
			"integrity": "sha512-okYUR7ZQPH+efeuMJGlq4f8ubUgO50kByRPyt/Cy1Io4PSRsPjxME+YlVaCOx+NIToW7hCsZNFJyTPFFKepRSA==",
			"dev": true
		}
	}
}
